
Microsoft Visual Studio Solution File, Format Version 12.00
# Visual Studio 15
VisualStudioVersion = 15.0.28307.757
MinimumVisualStudioVersion = 10.0.40219.1
Project("{FAE04EC0-301F-11D3-BF4B-00C04F79EFBC}") = "ImageTransfer", "ImageTransfer\ImageTransfer.csproj", "{44AD7C02-3232-45DD-8AE1-E5D8CA61406D}"
EndProject
Global
	GlobalSection(SolutionConfigurationPlatforms) = preSolution
		Debug|Any CPU = Debug|Any CPU
		Release|Any CPU = Release|Any CPU
	EndGlobalSection
	GlobalSection(ProjectConfigurationPlatforms) = postSolution
		{44AD7C02-3232-45DD-8AE1-E5D8CA61406D}.Debug|Any CPU.ActiveCfg = Debug|Any CPU
		{44AD7C02-3232-45DD-8AE1-E5D8CA61406D}.Debug|Any CPU.Build.0 = Debug|Any CPU
		{44AD7C02-3232-45DD-8AE1-E5D8CA61406D}.Release|Any CPU.ActiveCfg = Release|Any CPU
		{44AD7C02-3232-45DD-8AE1-E5D8CA61406D}.Release|Any CPU.Build.0 = Release|Any CPU
	EndGlobalSection
	GlobalSection(SolutionProperties) = preSolution
		HideSolutionNode = FALSE
	EndGlobalSection
	GlobalSection(ExtensibilityGlobals) = postSolution
		SolutionGuid = {888C9B3D-06E0-46A7-820D-E150A13BE1AA}
	EndGlobalSection
EndGlobal
